
Microsoft Visual Studio Solution File, Format Version 12.00
# Visual Studio Version 17
VisualStudioVersion = 17.9.34616.47
MinimumVisualStudioVersion = 10.0.40219.1
Project("{8BC9CEB8-8B4A-11D0-8D11-00A0C91BC942}") = "SingleLinkedList", "SingleLinkedList\SingleLinkedList.vcxproj", "{237C3394-EAE4-425E-A76B-6C7AE8E09F35}"
EndProject
Global
	GlobalSection(SolutionConfigurationPlatforms) = preSolution
		Debug|x64 = Debug|x64
		Debug|x86 = Debug|x86
		Release|x64 = Release|x64
		Release|x86 = Release|x86
	EndGlobalSection
	GlobalSection(ProjectConfigurationPlatforms) = postSolution
		{237C3394-EAE4-425E-A76B-6C7AE8E09F35}.Debug|x64.ActiveCfg = Debug|x64
		{237C3394-EAE4-425E-A76B-6C7AE8E09F35}.Debug|x64.Build.0 = Debug|x64
		{237C3394-EAE4-425E-A76B-6C7AE8E09F35}.Debug|x86.ActiveCfg = Debug|Win32
		{237C3394-EAE4-425E-A76B-6C7AE8E09F35}.Debug|x86.Build.0 = Debug|Win32
		{237C3394-EAE4-425E-A76B-6C7AE8E09F35}.Release|x64.ActiveCfg = Release|x64
		{237C3394-EAE4-425E-A76B-6C7AE8E09F35}.Release|x64.Build.0 = Release|x64
		{237C3394-EAE4-425E-A76B-6C7AE8E09F35}.Release|x86.ActiveCfg = Release|Win32
		{237C3394-EAE4-425E-A76B-6C7AE8E09F35}.Release|x86.Build.0 = Release|Win32
	EndGlobalSection
	GlobalSection(SolutionProperties) = preSolution
		HideSolutionNode = FALSE
	EndGlobalSection
	GlobalSection(ExtensibilityGlobals) = postSolution
		SolutionGuid = {0D23E7B9-1D47-4D6B-A373-5B8C7221969B}
	EndGlobalSection
EndGlobal
